
Microsoft Visual Studio Solution File, Format Version 12.00
# Visual Studio 14
VisualStudioVersion = 14.0.25420.1
MinimumVisualStudioVersion = 10.0.40219.1
Project("{00D1A9C2-B5F0-4AF3-8072-F6C62B433612}") = "Assessment_DB", "Assessment_DB\Assessment_DB.sqlproj", "{3E2DB755-D8DC-4C34-8ABE-2A231E05AC1B}"
EndProject
Project("{FAE04EC0-301F-11D3-BF4B-00C04F79EFBC}") = "Backend_Assessment", "Backend_Assessment\Backend_Assessment.csproj", "{AB83045D-E8A6-4F70-A78C-D09FA8A4C51B}"
EndProject
Global
	GlobalSection(SolutionConfigurationPlatforms) = preSolution
		Debug|Any CPU = Debug|Any CPU
		Release|Any CPU = Release|Any CPU
	EndGlobalSection
	GlobalSection(ProjectConfigurationPlatforms) = postSolution
		{3E2DB755-D8DC-4C34-8ABE-2A231E05AC1B}.Debug|Any CPU.ActiveCfg = Debug|Any CPU
		{3E2DB755-D8DC-4C34-8ABE-2A231E05AC1B}.Debug|Any CPU.Build.0 = Debug|Any CPU
		{3E2DB755-D8DC-4C34-8ABE-2A231E05AC1B}.Debug|Any CPU.Deploy.0 = Debug|Any CPU
		{3E2DB755-D8DC-4C34-8ABE-2A231E05AC1B}.Release|Any CPU.ActiveCfg = Release|Any CPU
		{3E2DB755-D8DC-4C34-8ABE-2A231E05AC1B}.Release|Any CPU.Build.0 = Release|Any CPU
		{3E2DB755-D8DC-4C34-8ABE-2A231E05AC1B}.Release|Any CPU.Deploy.0 = Release|Any CPU
		{AB83045D-E8A6-4F70-A78C-D09FA8A4C51B}.Debug|Any CPU.ActiveCfg = Debug|Any CPU
		{AB83045D-E8A6-4F70-A78C-D09FA8A4C51B}.Debug|Any CPU.Build.0 = Debug|Any CPU
		{AB83045D-E8A6-4F70-A78C-D09FA8A4C51B}.Release|Any CPU.ActiveCfg = Release|Any CPU
		{AB83045D-E8A6-4F70-A78C-D09FA8A4C51B}.Release|Any CPU.Build.0 = Release|Any CPU
	EndGlobalSection
	GlobalSection(SolutionProperties) = preSolution
		HideSolutionNode = FALSE
	EndGlobalSection
EndGlobal
