
Microsoft Visual Studio Solution File, Format Version 12.00
# Visual Studio 2013
VisualStudioVersion = 12.0.40629.0
MinimumVisualStudioVersion = 10.0.40219.1
Project("{FAE04EC0-301F-11D3-BF4B-00C04F79EFBC}") = "Assessment.WebAPI", "Assessment.WebAPI\Assessment.WebAPI.csproj", "{18DCCC43-8FDE-40CE-BC1A-6654B62011C0}"
EndProject
Project("{FAE04EC0-301F-11D3-BF4B-00C04F79EFBC}") = "Assessment.BusinessLogic", "Assessment.BusinessLogic\Assessment.BusinessLogic.csproj", "{12700E1A-669F-4089-B7E0-6837D2FAD69B}"
EndProject
Project("{FAE04EC0-301F-11D3-BF4B-00C04F79EFBC}") = "Assessment.DataAccessLayer", "Assessment.DataAccessLayer\Assessment.DataAccessLayer.csproj", "{1823F001-A016-4E3B-8B68-71E2C5532DD7}"
EndProject
Project("{FAE04EC0-301F-11D3-BF4B-00C04F79EFBC}") = "Assessment.Models", "Assessment.Models\Assessment.Models.csproj", "{5E25FF00-9597-461F-B218-1331A63BFA00}"
EndProject
Project("{FAE04EC0-301F-11D3-BF4B-00C04F79EFBC}") = "Assessment.NUnitTests", "Assessment.NUnitTests\Assessment.NUnitTests.csproj", "{904F6E9A-9234-47E1-BC0C-D1735A257B3B}"
EndProject
Global
	GlobalSection(SolutionConfigurationPlatforms) = preSolution
		Debug|Any CPU = Debug|Any CPU
		Release|Any CPU = Release|Any CPU
	EndGlobalSection
	GlobalSection(ProjectConfigurationPlatforms) = postSolution
		{18DCCC43-8FDE-40CE-BC1A-6654B62011C0}.Debug|Any CPU.ActiveCfg = Debug|Any CPU
		{18DCCC43-8FDE-40CE-BC1A-6654B62011C0}.Debug|Any CPU.Build.0 = Debug|Any CPU
		{18DCCC43-8FDE-40CE-BC1A-6654B62011C0}.Release|Any CPU.ActiveCfg = Release|Any CPU
		{18DCCC43-8FDE-40CE-BC1A-6654B62011C0}.Release|Any CPU.Build.0 = Release|Any CPU
		{12700E1A-669F-4089-B7E0-6837D2FAD69B}.Debug|Any CPU.ActiveCfg = Debug|Any CPU
		{12700E1A-669F-4089-B7E0-6837D2FAD69B}.Debug|Any CPU.Build.0 = Debug|Any CPU
		{12700E1A-669F-4089-B7E0-6837D2FAD69B}.Release|Any CPU.ActiveCfg = Release|Any CPU
		{12700E1A-669F-4089-B7E0-6837D2FAD69B}.Release|Any CPU.Build.0 = Release|Any CPU
		{1823F001-A016-4E3B-8B68-71E2C5532DD7}.Debug|Any CPU.ActiveCfg = Debug|Any CPU
		{1823F001-A016-4E3B-8B68-71E2C5532DD7}.Debug|Any CPU.Build.0 = Debug|Any CPU
		{1823F001-A016-4E3B-8B68-71E2C5532DD7}.Release|Any CPU.ActiveCfg = Release|Any CPU
		{1823F001-A016-4E3B-8B68-71E2C5532DD7}.Release|Any CPU.Build.0 = Release|Any CPU
		{5E25FF00-9597-461F-B218-1331A63BFA00}.Debug|Any CPU.ActiveCfg = Debug|Any CPU
		{5E25FF00-9597-461F-B218-1331A63BFA00}.Debug|Any CPU.Build.0 = Debug|Any CPU
		{5E25FF00-9597-461F-B218-1331A63BFA00}.Release|Any CPU.ActiveCfg = Release|Any CPU
		{5E25FF00-9597-461F-B218-1331A63BFA00}.Release|Any CPU.Build.0 = Release|Any CPU
		{904F6E9A-9234-47E1-BC0C-D1735A257B3B}.Debug|Any CPU.ActiveCfg = Debug|Any CPU
		{904F6E9A-9234-47E1-BC0C-D1735A257B3B}.Debug|Any CPU.Build.0 = Debug|Any CPU
		{904F6E9A-9234-47E1-BC0C-D1735A257B3B}.Release|Any CPU.ActiveCfg = Release|Any CPU
		{904F6E9A-9234-47E1-BC0C-D1735A257B3B}.Release|Any CPU.Build.0 = Release|Any CPU
	EndGlobalSection
	GlobalSection(SolutionProperties) = preSolution
		HideSolutionNode = FALSE
	EndGlobalSection
	GlobalSection(ExtensibilityGlobals) = postSolution
		EnterpriseLibraryConfigurationToolBinariesPathV6 = packages\EnterpriseLibrary.TransientFaultHandling.6.0.1304.0\lib\portable-net45+win+wp8;packages\EnterpriseLibrary.TransientFaultHandling.Data.6.0.1304.1\lib\NET45
	EndGlobalSection
EndGlobal
