
Microsoft Visual Studio Solution File, Format Version 12.00
# Visual Studio 2012
Project("{FAE04EC0-301F-11D3-BF4B-00C04F79EFBC}") = "BackEndApplication", "BackEndApplication\BackEndApplication.csproj", "{ADBB19EA-A9DF-40E8-8624-6F7D22713BEC}"
EndProject
Global
	GlobalSection(SolutionConfigurationPlatforms) = preSolution
		Debug|Any CPU = Debug|Any CPU
		Release|Any CPU = Release|Any CPU
	EndGlobalSection
	GlobalSection(ProjectConfigurationPlatforms) = postSolution
		{ADBB19EA-A9DF-40E8-8624-6F7D22713BEC}.Debug|Any CPU.ActiveCfg = Debug|Any CPU
		{ADBB19EA-A9DF-40E8-8624-6F7D22713BEC}.Debug|Any CPU.Build.0 = Debug|Any CPU
		{ADBB19EA-A9DF-40E8-8624-6F7D22713BEC}.Release|Any CPU.ActiveCfg = Release|Any CPU
		{ADBB19EA-A9DF-40E8-8624-6F7D22713BEC}.Release|Any CPU.Build.0 = Release|Any CPU
	EndGlobalSection
	GlobalSection(SolutionProperties) = preSolution
		HideSolutionNode = FALSE
	EndGlobalSection
	GlobalSection(ExtensibilityGlobals) = postSolution
		EnterpriseLibraryConfigurationToolBinariesPath = packages\Unity.2.1.505.0\lib\NET35
	EndGlobalSection
EndGlobal
