
Microsoft Visual Studio Solution File, Format Version 12.00
# Visual Studio 14
VisualStudioVersion = 14.0.25420.1
MinimumVisualStudioVersion = 10.0.40219.1
Project("{FAE04EC0-301F-11D3-BF4B-00C04F79EFBC}") = "iPlatform-ZA", "iPlatform-ZA\iPlatform-ZA.csproj", "{7EAF6A65-964F-468D-8300-E04230820211}"
EndProject
Project("{FAE04EC0-301F-11D3-BF4B-00C04F79EFBC}") = "iPlatform-ZA.Tests", "iPlatform-ZA.Tests\iPlatform-ZA.Tests.csproj", "{C4C83965-2D1D-4FA3-B128-B4D4534DB553}"
EndProject
Global
	GlobalSection(SolutionConfigurationPlatforms) = preSolution
		Debug|Any CPU = Debug|Any CPU
		Release|Any CPU = Release|Any CPU
	EndGlobalSection
	GlobalSection(ProjectConfigurationPlatforms) = postSolution
		{7EAF6A65-964F-468D-8300-E04230820211}.Debug|Any CPU.ActiveCfg = Debug|Any CPU
		{7EAF6A65-964F-468D-8300-E04230820211}.Debug|Any CPU.Build.0 = Debug|Any CPU
		{7EAF6A65-964F-468D-8300-E04230820211}.Release|Any CPU.ActiveCfg = Release|Any CPU
		{7EAF6A65-964F-468D-8300-E04230820211}.Release|Any CPU.Build.0 = Release|Any CPU
		{C4C83965-2D1D-4FA3-B128-B4D4534DB553}.Debug|Any CPU.ActiveCfg = Debug|Any CPU
		{C4C83965-2D1D-4FA3-B128-B4D4534DB553}.Debug|Any CPU.Build.0 = Debug|Any CPU
		{C4C83965-2D1D-4FA3-B128-B4D4534DB553}.Release|Any CPU.ActiveCfg = Release|Any CPU
		{C4C83965-2D1D-4FA3-B128-B4D4534DB553}.Release|Any CPU.Build.0 = Release|Any CPU
	EndGlobalSection
	GlobalSection(SolutionProperties) = preSolution
		HideSolutionNode = FALSE
	EndGlobalSection
EndGlobal
